
Microsoft Visual Studio Solution File, Format Version 12.00
# Visual Studio 2012
Project("{FAE04EC0-301F-11D3-BF4B-00C04F79EFBC}") = "SocialNetwork.Droid", "Droid\SocialNetwork.Droid.csproj", "{59BAA0ED-0AC5-46C6-88D0-90D141991206}"
EndProject
Global
	GlobalSection(SolutionConfigurationPlatforms) = preSolution
		Debug|Any CPU = Debug|Any CPU
		Release|Any CPU = Release|Any CPU
	EndGlobalSection
	GlobalSection(ProjectConfigurationPlatforms) = postSolution
		{59BAA0ED-0AC5-46C6-88D0-90D141991206}.Debug|Any CPU.ActiveCfg = Debug|Any CPU
		{59BAA0ED-0AC5-46C6-88D0-90D141991206}.Debug|Any CPU.Build.0 = Debug|Any CPU
		{59BAA0ED-0AC5-46C6-88D0-90D141991206}.Release|Any CPU.ActiveCfg = Release|Any CPU
		{59BAA0ED-0AC5-46C6-88D0-90D141991206}.Release|Any CPU.Build.0 = Release|Any CPU
	EndGlobalSection
EndGlobal
